
Microsoft Visual Studio Solution File, Format Version 12.00
# Visual Studio 15
VisualStudioVersion = 15.0.27004.2006
MinimumVisualStudioVersion = 10.0.40219.1
Project("{9A19103F-16F7-4668-BE54-9A1E7A4F7556}") = "Aurora.API", "Aurora.API\Aurora.API.csproj", "{205BC9F2-3A23-4A5C-A2E2-932679AFD49B}"
EndProject
Project("{9A19103F-16F7-4668-BE54-9A1E7A4F7556}") = "Aurora.API.Backend", "Aurora.API.Backend\Aurora.API.Backend.csproj", "{11D47DD2-5EBF-44DA-A083-043E1F599D37}"
EndProject
Project("{9A19103F-16F7-4668-BE54-9A1E7A4F7556}") = "Aurora.Core", "Aurora.Core\Aurora.Core.csproj", "{797AE757-34DF-43EC-A935-2D5D515FA6A1}"
EndProject
Project("{E53339B2-1760-4266-BCC7-CA923CBCF16C}") = "docker-compose", "docker-compose.dcproj", "{851B6CFC-F3EF-4779-8FEC-ABFE3FA00EB8}"
EndProject
Global
	GlobalSection(SolutionConfigurationPlatforms) = preSolution
		Debug|Any CPU = Debug|Any CPU
		Release|Any CPU = Release|Any CPU
	EndGlobalSection
	GlobalSection(ProjectConfigurationPlatforms) = postSolution
		{205BC9F2-3A23-4A5C-A2E2-932679AFD49B}.Debug|Any CPU.ActiveCfg = Debug|Any CPU
		{205BC9F2-3A23-4A5C-A2E2-932679AFD49B}.Debug|Any CPU.Build.0 = Debug|Any CPU
		{205BC9F2-3A23-4A5C-A2E2-932679AFD49B}.Release|Any CPU.ActiveCfg = Release|Any CPU
		{205BC9F2-3A23-4A5C-A2E2-932679AFD49B}.Release|Any CPU.Build.0 = Release|Any CPU
		{11D47DD2-5EBF-44DA-A083-043E1F599D37}.Debug|Any CPU.ActiveCfg = Debug|Any CPU
		{11D47DD2-5EBF-44DA-A083-043E1F599D37}.Debug|Any CPU.Build.0 = Debug|Any CPU
		{11D47DD2-5EBF-44DA-A083-043E1F599D37}.Release|Any CPU.ActiveCfg = Release|Any CPU
		{11D47DD2-5EBF-44DA-A083-043E1F599D37}.Release|Any CPU.Build.0 = Release|Any CPU
		{797AE757-34DF-43EC-A935-2D5D515FA6A1}.Debug|Any CPU.ActiveCfg = Debug|Any CPU
		{797AE757-34DF-43EC-A935-2D5D515FA6A1}.Debug|Any CPU.Build.0 = Debug|Any CPU
		{797AE757-34DF-43EC-A935-2D5D515FA6A1}.Release|Any CPU.ActiveCfg = Release|Any CPU
		{797AE757-34DF-43EC-A935-2D5D515FA6A1}.Release|Any CPU.Build.0 = Release|Any CPU
		{851B6CFC-F3EF-4779-8FEC-ABFE3FA00EB8}.Debug|Any CPU.ActiveCfg = Debug|Any CPU
		{851B6CFC-F3EF-4779-8FEC-ABFE3FA00EB8}.Debug|Any CPU.Build.0 = Debug|Any CPU
		{851B6CFC-F3EF-4779-8FEC-ABFE3FA00EB8}.Release|Any CPU.ActiveCfg = Release|Any CPU
		{851B6CFC-F3EF-4779-8FEC-ABFE3FA00EB8}.Release|Any CPU.Build.0 = Release|Any CPU
	EndGlobalSection
	GlobalSection(SolutionProperties) = preSolution
		HideSolutionNode = FALSE
	EndGlobalSection
	GlobalSection(ExtensibilityGlobals) = postSolution
		SolutionGuid = {36AACFDA-71E4-4765-A031-9D406A84397B}
	EndGlobalSection
EndGlobal
